
Microsoft Visual Studio Solution File, Format Version 12.00
# Visual Studio 15
VisualStudioVersion = 15.0.28010.2019
MinimumVisualStudioVersion = 10.0.40219.1
Project("{FAE04EC0-301F-11D3-BF4B-00C04F79EFBC}") = "WcfServiceHumanCycle", "WcfServiceHumanCycle\WcfServiceHumanCycle.csproj", "{7F0D8AE3-28DD-4183-98DC-DA32E2F410EC}"
EndProject
Project("{FAE04EC0-301F-11D3-BF4B-00C04F79EFBC}") = "UnitTestProjectWcfServiceHumanCycle", "UnitTestProjectWcfServiceHumanCycle\UnitTestProjectWcfServiceHumanCycle.csproj", "{FFB2639F-1FB1-46E0-A616-E772F7B1ADA5}"
EndProject
Global
	GlobalSection(SolutionConfigurationPlatforms) = preSolution
		Debug|Any CPU = Debug|Any CPU
		Release|Any CPU = Release|Any CPU
	EndGlobalSection
	GlobalSection(ProjectConfigurationPlatforms) = postSolution
		{7F0D8AE3-28DD-4183-98DC-DA32E2F410EC}.Debug|Any CPU.ActiveCfg = Debug|Any CPU
		{7F0D8AE3-28DD-4183-98DC-DA32E2F410EC}.Debug|Any CPU.Build.0 = Debug|Any CPU
		{7F0D8AE3-28DD-4183-98DC-DA32E2F410EC}.Release|Any CPU.ActiveCfg = Release|Any CPU
		{7F0D8AE3-28DD-4183-98DC-DA32E2F410EC}.Release|Any CPU.Build.0 = Release|Any CPU
		{FFB2639F-1FB1-46E0-A616-E772F7B1ADA5}.Debug|Any CPU.ActiveCfg = Debug|Any CPU
		{FFB2639F-1FB1-46E0-A616-E772F7B1ADA5}.Debug|Any CPU.Build.0 = Debug|Any CPU
		{FFB2639F-1FB1-46E0-A616-E772F7B1ADA5}.Release|Any CPU.ActiveCfg = Release|Any CPU
		{FFB2639F-1FB1-46E0-A616-E772F7B1ADA5}.Release|Any CPU.Build.0 = Release|Any CPU
	EndGlobalSection
	GlobalSection(SolutionProperties) = preSolution
		HideSolutionNode = FALSE
	EndGlobalSection
	GlobalSection(ExtensibilityGlobals) = postSolution
		SolutionGuid = {8B4732EB-55DC-4FC5-8C61-FC68A0C8FD67}
	EndGlobalSection
EndGlobal
